
Microsoft Visual Studio Solution File, Format Version 12.00
# Visual Studio 15
VisualStudioVersion = 15.0.28307.1705
MinimumVisualStudioVersion = 10.0.40219.1
Project("{F184B08F-C81C-45F6-A57F-5ABD9991F28F}") = "WindowsApp1", "WindowsApp1\WindowsApp1.vbproj", "{AA659CB9-4D06-42E5-8C44-C95B8011B29E}"
EndProject
Global
	GlobalSection(SolutionConfigurationPlatforms) = preSolution
		Debug|Any CPU = Debug|Any CPU
		Release|Any CPU = Release|Any CPU
	EndGlobalSection
	GlobalSection(ProjectConfigurationPlatforms) = postSolution
		{AA659CB9-4D06-42E5-8C44-C95B8011B29E}.Debug|Any CPU.ActiveCfg = Debug|Any CPU
		{AA659CB9-4D06-42E5-8C44-C95B8011B29E}.Debug|Any CPU.Build.0 = Debug|Any CPU
		{AA659CB9-4D06-42E5-8C44-C95B8011B29E}.Release|Any CPU.ActiveCfg = Release|Any CPU
		{AA659CB9-4D06-42E5-8C44-C95B8011B29E}.Release|Any CPU.Build.0 = Release|Any CPU
	EndGlobalSection
	GlobalSection(SolutionProperties) = preSolution
		HideSolutionNode = FALSE
	EndGlobalSection
	GlobalSection(ExtensibilityGlobals) = postSolution
		SolutionGuid = {7CEAEE69-0E57-4B1C-B5B1-55ADDC9FE8E9}
	EndGlobalSection
EndGlobal
